
Microsoft Visual Studio Solution File, Format Version 12.00
# Visual Studio Version 17
VisualStudioVersion = 17.11.35208.52
MinimumVisualStudioVersion = 10.0.40219.1
Project("{FAE04EC0-301F-11D3-BF4B-00C04F79EFBC}") = "Customer-API", "Customer-API\Customer-API.csproj", "{C1ECAC8E-23A2-4E77-B37E-20BCB9CDBAD7}"
EndProject
Global
	GlobalSection(SolutionConfigurationPlatforms) = preSolution
		Debug|Any CPU = Debug|Any CPU
		Release|Any CPU = Release|Any CPU
	EndGlobalSection
	GlobalSection(ProjectConfigurationPlatforms) = postSolution
		{C1ECAC8E-23A2-4E77-B37E-20BCB9CDBAD7}.Debug|Any CPU.ActiveCfg = Debug|Any CPU
		{C1ECAC8E-23A2-4E77-B37E-20BCB9CDBAD7}.Debug|Any CPU.Build.0 = Debug|Any CPU
		{C1ECAC8E-23A2-4E77-B37E-20BCB9CDBAD7}.Release|Any CPU.ActiveCfg = Release|Any CPU
		{C1ECAC8E-23A2-4E77-B37E-20BCB9CDBAD7}.Release|Any CPU.Build.0 = Release|Any CPU
	EndGlobalSection
	GlobalSection(SolutionProperties) = preSolution
		HideSolutionNode = FALSE
	EndGlobalSection
	GlobalSection(ExtensibilityGlobals) = postSolution
		SolutionGuid = {C38B5E44-8FC4-4A7D-A9E5-5B1117B9031A}
	EndGlobalSection
EndGlobal
